
Microsoft Visual Studio Solution File, Format Version 12.00
# Visual Studio Version 16
VisualStudioVersion = 16.0.30804.86
MinimumVisualStudioVersion = 10.0.40219.1
Project("{FAE04EC0-301F-11D3-BF4B-00C04F79EFBC}") = "CasamentoLiviaPaulo", "CasamentoLiviaPaulo\CasamentoLiviaPaulo.csproj", "{505729F9-EB08-4B35-8687-D2456B52F2C7}"
EndProject
Global
	GlobalSection(SolutionConfigurationPlatforms) = preSolution
		Debug|Any CPU = Debug|Any CPU
		Release|Any CPU = Release|Any CPU
	EndGlobalSection
	GlobalSection(ProjectConfigurationPlatforms) = postSolution
		{505729F9-EB08-4B35-8687-D2456B52F2C7}.Debug|Any CPU.ActiveCfg = Debug|Any CPU
		{505729F9-EB08-4B35-8687-D2456B52F2C7}.Debug|Any CPU.Build.0 = Debug|Any CPU
		{505729F9-EB08-4B35-8687-D2456B52F2C7}.Release|Any CPU.ActiveCfg = Release|Any CPU
		{505729F9-EB08-4B35-8687-D2456B52F2C7}.Release|Any CPU.Build.0 = Release|Any CPU
	EndGlobalSection
	GlobalSection(SolutionProperties) = preSolution
		HideSolutionNode = FALSE
	EndGlobalSection
	GlobalSection(ExtensibilityGlobals) = postSolution
		SolutionGuid = {06B0DDD0-90C1-4A57-9A5C-946C1E9C53A8}
	EndGlobalSection
EndGlobal
